
Microsoft Visual Studio Solution File, Format Version 12.00
# Visual Studio Version 16
VisualStudioVersion = 16.0.31729.503
MinimumVisualStudioVersion = 10.0.40219.1
Project("{FAE04EC0-301F-11D3-BF4B-00C04F79EFBC}") = "appQuickSort_Consola_CS", "appQuickSort_Consola_CS\appQuickSort_Consola_CS.csproj", "{36552933-3D8E-4246-B52E-90BD20F031CD}"
EndProject
Global
	GlobalSection(SolutionConfigurationPlatforms) = preSolution
		Debug|Any CPU = Debug|Any CPU
		Release|Any CPU = Release|Any CPU
	EndGlobalSection
	GlobalSection(ProjectConfigurationPlatforms) = postSolution
		{36552933-3D8E-4246-B52E-90BD20F031CD}.Debug|Any CPU.ActiveCfg = Debug|Any CPU
		{36552933-3D8E-4246-B52E-90BD20F031CD}.Debug|Any CPU.Build.0 = Debug|Any CPU
		{36552933-3D8E-4246-B52E-90BD20F031CD}.Release|Any CPU.ActiveCfg = Release|Any CPU
		{36552933-3D8E-4246-B52E-90BD20F031CD}.Release|Any CPU.Build.0 = Release|Any CPU
	EndGlobalSection
	GlobalSection(SolutionProperties) = preSolution
		HideSolutionNode = FALSE
	EndGlobalSection
	GlobalSection(ExtensibilityGlobals) = postSolution
		SolutionGuid = {C21D58CE-8B05-4667-A6A2-3A65A7C9662F}
	EndGlobalSection
EndGlobal
